
Microsoft Visual Studio Solution File, Format Version 12.00
# Visual Studio 14
VisualStudioVersion = 14.0.25123.0
MinimumVisualStudioVersion = 10.0.40219.1
Project("{FAE04EC0-301F-11D3-BF4B-00C04F79EFBC}") = "Lesson_7_incapsulation", "Lesson_7_incapsulation\Lesson_7_incapsulation.csproj", "{F3E3E1FB-30EC-4D54-855A-C53564295F94}"
EndProject
Global
	GlobalSection(SolutionConfigurationPlatforms) = preSolution
		Debug|Any CPU = Debug|Any CPU
		Release|Any CPU = Release|Any CPU
	EndGlobalSection
	GlobalSection(ProjectConfigurationPlatforms) = postSolution
		{F3E3E1FB-30EC-4D54-855A-C53564295F94}.Debug|Any CPU.ActiveCfg = Debug|Any CPU
		{F3E3E1FB-30EC-4D54-855A-C53564295F94}.Debug|Any CPU.Build.0 = Debug|Any CPU
		{F3E3E1FB-30EC-4D54-855A-C53564295F94}.Release|Any CPU.ActiveCfg = Release|Any CPU
		{F3E3E1FB-30EC-4D54-855A-C53564295F94}.Release|Any CPU.Build.0 = Release|Any CPU
	EndGlobalSection
	GlobalSection(SolutionProperties) = preSolution
		HideSolutionNode = FALSE
	EndGlobalSection
EndGlobal
